
Microsoft Visual Studio Solution File, Format Version 12.00
# Visual Studio Version 16
VisualStudioVersion = 25.0.1706.10
MinimumVisualStudioVersion = 10.0.40219.1
Project("{FAE04EC0-301F-11D3-BF4B-00C04F79EFBC}") = "tpmodul10_1302223075", "tpmodul10_1302223075\tpmodul10_1302223075.csproj", "{414B77F8-A56C-4221-80DD-ACC51499A61E}"
EndProject
Global
	GlobalSection(SolutionConfigurationPlatforms) = preSolution
		Debug|Any CPU = Debug|Any CPU
		Release|Any CPU = Release|Any CPU
	EndGlobalSection
	GlobalSection(ProjectConfigurationPlatforms) = postSolution
		{414B77F8-A56C-4221-80DD-ACC51499A61E}.Debug|Any CPU.ActiveCfg = Debug|Any CPU
		{414B77F8-A56C-4221-80DD-ACC51499A61E}.Debug|Any CPU.Build.0 = Debug|Any CPU
		{414B77F8-A56C-4221-80DD-ACC51499A61E}.Release|Any CPU.ActiveCfg = Release|Any CPU
		{414B77F8-A56C-4221-80DD-ACC51499A61E}.Release|Any CPU.Build.0 = Release|Any CPU
	EndGlobalSection
	GlobalSection(SolutionProperties) = preSolution
		HideSolutionNode = FALSE
	EndGlobalSection
	GlobalSection(ExtensibilityGlobals) = postSolution
		SolutionGuid = {1B95D50A-C1CB-458B-881B-DF3D281F1074}
	EndGlobalSection
EndGlobal
